// !$*UTF8*$!
{
	archiveVersion = 1;
	classes = {
	};
	objectVersion = 48;
	objects = {

/* Begin PBXBuildFile section */
		4471C0EE5952F1FD25360FA3 /* Pods_Smack.framework in Frameworks */ = {isa = PBXBuildFile; fileRef = 83FAEB876089B108A88FBDD5 /* Pods_Smack.framework */; };
		6C0E9E931F581DCB00C03871 /* CreateAccountVC.swift in Sources */ = {isa = PBXBuildFile; fileRef = 6C0E9E921F581DCB00C03871 /* CreateAccountVC.swift */; };
		6C4B13D41F57D59D008CFD5E /* AppDelegate.swift in Sources */ = {isa = PBXBuildFile; fileRef = 6C4B13D31F57D59D008CFD5E /* AppDelegate.swift */; };
		6C4B13D91F57D59D008CFD5E /* Main.storyboard in Resources */ = {isa = PBXBuildFile; fileRef = 6C4B13D71F57D59D008CFD5E /* Main.storyboard */; };
		6C4B13DB1F57D59D008CFD5E /* Assets.xcassets in Resources */ = {isa = PBXBuildFile; fileRef = 6C4B13DA1F57D59D008CFD5E /* Assets.xcassets */; };
		6C4B13DE1F57D59D008CFD5E /* LaunchScreen.storyboard in Resources */ = {isa = PBXBuildFile; fileRef = 6C4B13DC1F57D59D008CFD5E /* LaunchScreen.storyboard */; };
		6C4B13ED1F57DFA9008CFD5E /* ChatVC.swift in Sources */ = {isa = PBXBuildFile; fileRef = 6C4B13EC1F57DFA9008CFD5E /* ChatVC.swift */; };
		6C4B13EF1F57DFB9008CFD5E /* ChannelVC.swift in Sources */ = {isa = PBXBuildFile; fileRef = 6C4B13EE1F57DFB9008CFD5E /* ChannelVC.swift */; };
		6C4B13F01F57E484008CFD5E /* SWRevealViewController.m in Sources */ = {isa = PBXBuildFile; fileRef = 6C4B13E81F57DC47008CFD5E /* SWRevealViewController.m */; };
		6C4B13F21F57E7D5008CFD5E /* GradientView.swift in Sources */ = {isa = PBXBuildFile; fileRef = 6C4B13F11F57E7D5008CFD5E /* GradientView.swift */; };
		6C4B13F51F57F828008CFD5E /* Constants.swift in Sources */ = {isa = PBXBuildFile; fileRef = 6C4B13F41F57F828008CFD5E /* Constants.swift */; };
		6C4B13F71F57FE15008CFD5E /* LoginVC.swift in Sources */ = {isa = PBXBuildFile; fileRef = 6C4B13F61F57FE15008CFD5E /* LoginVC.swift */; };
/* End PBXBuildFile section */

/* Begin PBXFileReference section */
		6C0E9E921F581DCB00C03871 /* CreateAccountVC.swift */ = {isa = PBXFileReference; lastKnownFileType = sourcecode.swift; path = CreateAccountVC.swift; sourceTree = "<group>"; };
		6C4B13D01F57D59D008CFD5E /* Smack.app */ = {isa = PBXFileReference; explicitFileType = wrapper.application; includeInIndex = 0; path = Smack.app; sourceTree = BUILT_PRODUCTS_DIR; };
		6C4B13D31F57D59D008CFD5E /* AppDelegate.swift */ = {isa = PBXFileReference; lastKnownFileType = sourcecode.swift; path = AppDelegate.swift; sourceTree = "<group>"; };
		6C4B13D81F57D59D008CFD5E /* Base */ = {isa = PBXFileReference; lastKnownFileType = file.storyboard; name = Base; path = Base.lproj/Main.storyboard; sourceTree = "<group>"; };
		6C4B13DA1F57D59D008CFD5E /* Assets.xcassets */ = {isa = PBXFileReference; lastKnownFileType = folder.assetcatalog; path = Assets.xcassets; sourceTree = "<group>"; };
		6C4B13DD1F57D59D008CFD5E /* Base */ = {isa = PBXFileReference; lastKnownFileType = file.storyboard; name = Base; path = Base.lproj/LaunchScreen.storyboard; sourceTree = "<group>"; };
		6C4B13DF1F57D59D008CFD5E /* Info.plist */ = {isa = PBXFileReference; lastKnownFileType = text.plist.xml; path = Info.plist; sourceTree = "<group>"; };
		6C4B13E61F57DC46008CFD5E /* Smack-Bridging-Header.h */ = {isa = PBXFileReference; lastKnownFileType = sourcecode.c.h; path = "Smack-Bridging-Header.h"; sourceTree = "<group>"; };
		6C4B13E71F57DC47008CFD5E /* SWRevealViewController.h */ = {isa = PBXFileReference; lastKnownFileType = sourcecode.c.h; path = SWRevealViewController.h; sourceTree = "<group>"; };
		6C4B13E81F57DC47008CFD5E /* SWRevealViewController.m */ = {isa = PBXFileReference; lastKnownFileType = sourcecode.c.objc; path = SWRevealViewController.m; sourceTree = "<group>"; };
		6C4B13EC1F57DFA9008CFD5E /* ChatVC.swift */ = {isa = PBXFileReference; lastKnownFileType = sourcecode.swift; path = ChatVC.swift; sourceTree = "<group>"; };
		6C4B13EE1F57DFB9008CFD5E /* ChannelVC.swift */ = {isa = PBXFileReference; lastKnownFileType = sourcecode.swift; path = ChannelVC.swift; sourceTree = "<group>"; };
		6C4B13F11F57E7D5008CFD5E /* GradientView.swift */ = {isa = PBXFileReference; lastKnownFileType = sourcecode.swift; path = GradientView.swift; sourceTree = "<group>"; };
		6C4B13F41F57F828008CFD5E /* Constants.swift */ = {isa = PBXFileReference; lastKnownFileType = sourcecode.swift; path = Constants.swift; sourceTree = "<group>"; };
		6C4B13F61F57FE15008CFD5E /* LoginVC.swift */ = {isa = PBXFileReference; lastKnownFileType = sourcecode.swift; path = LoginVC.swift; sourceTree = "<group>"; };
		83FAEB876089B108A88FBDD5 /* Pods_Smack.framework */ = {isa = PBXFileReference; explicitFileType = wrapper.framework; includeInIndex = 0; path = Pods_Smack.framework; sourceTree = BUILT_PRODUCTS_DIR; };
		B524B447E76A0ADB3E6E94EF /* Pods-Smack.debug.xcconfig */ = {isa = PBXFileReference; includeInIndex = 1; lastKnownFileType = text.xcconfig; name = "Pods-Smack.debug.xcconfig"; path = "Pods/Target Support Files/Pods-Smack/Pods-Smack.debug.xcconfig"; sourceTree = "<group>"; };
		EA7FE9D09196F556F99C2BB5 /* Pods-Smack.release.xcconfig */ = {isa = PBXFileReference; includeInIndex = 1; lastKnownFileType = text.xcconfig; name = "Pods-Smack.release.xcconfig"; path = "Pods/Target Support Files/Pods-Smack/Pods-Smack.release.xcconfig"; sourceTree = "<group>"; };
/* End PBXFileReference section */

/* Begin PBXFrameworksBuildPhase section */
		6C4B13CD1F57D59D008CFD5E /* Frameworks */ = {
			isa = PBXFrameworksBuildPhase;
			buildActionMask = 2147483647;
			files = (
				4471C0EE5952F1FD25360FA3 /* Pods_Smack.framework in Frameworks */,
			);
			runOnlyForDeploymentPostprocessing = 0;
		};
/* End PBXFrameworksBuildPhase section */

/* Begin PBXGroup section */
		6C4B13C71F57D59D008CFD5E = {
			isa = PBXGroup;
			children = (
				6C4B13D21F57D59D008CFD5E /* Smack */,
				6C4B13D11F57D59D008CFD5E /* Products */,
				A1342F2F0E9878BFFB95F451 /* Pods */,
				73AF89AB881A6A4F27FB1381 /* Frameworks */,
			);
			sourceTree = "<group>";
		};
		6C4B13D11F57D59D008CFD5E /* Products */ = {
			isa = PBXGroup;
			children = (
				6C4B13D01F57D59D008CFD5E /* Smack.app */,
			);
			name = Products;
			sourceTree = "<group>";
		};
		6C4B13D21F57D59D008CFD5E /* Smack */ = {
			isa = PBXGroup;
			children = (
				6C4B13F31F57F816008CFD5E /* Utilities */,
				6C4B13EB1F57DF86008CFD5E /* Model */,
				6C4B13EA1F57DF80008CFD5E /* View */,
				6C4B13E91F57DF75008CFD5E /* Controller */,
				6C4B13E51F57DBFC008CFD5E /* Supporting Files */,
				6C4B13D31F57D59D008CFD5E /* AppDelegate.swift */,
				6C4B13D71F57D59D008CFD5E /* Main.storyboard */,
				6C4B13DA1F57D59D008CFD5E /* Assets.xcassets */,
				6C4B13DC1F57D59D008CFD5E /* LaunchScreen.storyboard */,
				6C4B13DF1F57D59D008CFD5E /* Info.plist */,
			);
			path = Smack;
			sourceTree = "<group>";
		};
		6C4B13E51F57DBFC008CFD5E /* Supporting Files */ = {
			isa = PBXGroup;
			children = (
				6C4B13E71F57DC47008CFD5E /* SWRevealViewController.h */,
				6C4B13E81F57DC47008CFD5E /* SWRevealViewController.m */,
				6C4B13E61F57DC46008CFD5E /* Smack-Bridging-Header.h */,
			);
			path = "Supporting Files";
			sourceTree = "<group>";
		};
		6C4B13E91F57DF75008CFD5E /* Controller */ = {
			isa = PBXGroup;
			children = (
				6C4B13EC1F57DFA9008CFD5E /* ChatVC.swift */,
				6C4B13EE1F57DFB9008CFD5E /* ChannelVC.swift */,
				6C4B13F61F57FE15008CFD5E /* LoginVC.swift */,
				6C0E9E921F581DCB00C03871 /* CreateAccountVC.swift */,
			);
			path = Controller;
			sourceTree = "<group>";
		};
		6C4B13EA1F57DF80008CFD5E /* View */ = {
			isa = PBXGroup;
			children = (
				6C4B13F11F57E7D5008CFD5E /* GradientView.swift */,
			);
			path = View;
			sourceTree = "<group>";
		};
		6C4B13EB1F57DF86008CFD5E /* Model */ = {
			isa = PBXGroup;
			children = (
			);
			path = Model;
			sourceTree = "<group>";
		};
		6C4B13F31F57F816008CFD5E /* Utilities */ = {
			isa = PBXGroup;
			children = (
				6C4B13F41F57F828008CFD5E /* Constants.swift */,
			);
			path = Utilities;
			sourceTree = "<group>";
		};
		73AF89AB881A6A4F27FB1381 /* Frameworks */ = {
			isa = PBXGroup;
			children = (
				83FAEB876089B108A88FBDD5 /* Pods_Smack.framework */,
			);
			name = Frameworks;
			sourceTree = "<group>";
		};
		A1342F2F0E9878BFFB95F451 /* Pods */ = {
			isa = PBXGroup;
			children = (
				B524B447E76A0ADB3E6E94EF /* Pods-Smack.debug.xcconfig */,
				EA7FE9D09196F556F99C2BB5 /* Pods-Smack.release.xcconfig */,
			);
			name = Pods;
			sourceTree = "<group>";
		};
/* End PBXGroup section */

/* Begin PBXNativeTarget section */
		6C4B13CF1F57D59D008CFD5E /* Smack */ = {
			isa = PBXNativeTarget;
			buildConfigurationList = 6C4B13E21F57D59D008CFD5E /* Build configuration list for PBXNativeTarget "Smack" */;
			buildPhases = (
				4988680BD8AA244ABCA4CE26 /* [CP] Check Pods Manifest.lock */,
				6C4B13CC1F57D59D008CFD5E /* Sources */,
				6C4B13CD1F57D59D008CFD5E /* Frameworks */,
				6C4B13CE1F57D59D008CFD5E /* Resources */,
				30B420E65E39FC7CD46B8419 /* [CP] Embed Pods Frameworks */,
				8999DF0CAF694CE683575D53 /* [CP] Copy Pods Resources */,
			);
			buildRules = (
			);
			dependencies = (
			);
			name = Smack;
			productName = Smack;
			productReference = 6C4B13D01F57D59D008CFD5E /* Smack.app */;
			productType = "com.apple.product-type.application";
		};
/* End PBXNativeTarget section */

/* Begin PBXProject section */
		6C4B13C81F57D59D008CFD5E /* Project object */ = {
			isa = PBXProject;
			attributes = {
				LastSwiftUpdateCheck = 0900;
				LastUpgradeCheck = 0900;
				ORGANIZATIONNAME = Appdelight;
				TargetAttributes = {
					6C4B13CF1F57D59D008CFD5E = {
						CreatedOnToolsVersion = 9.0;
						LastSwiftMigration = 0900;
						ProvisioningStyle = Automatic;
					};
				};
			};
			buildConfigurationList = 6C4B13CB1F57D59D008CFD5E /* Build configuration list for PBXProject "Smack" */;
			compatibilityVersion = "Xcode 8.0";
			developmentRegion = en;
			hasScannedForEncodings = 0;
			knownRegions = (
				en,
				Base,
			);
			mainGroup = 6C4B13C71F57D59D008CFD5E;
			productRefGroup = 6C4B13D11F57D59D008CFD5E /* Products */;
			projectDirPath = "";
			projectRoot = "";
			targets = (
				6C4B13CF1F57D59D008CFD5E /* Smack */,
			);
		};
/* End PBXProject section */

/* Begin PBXResourcesBuildPhase section */
		6C4B13CE1F57D59D008CFD5E /* Resources */ = {
			isa = PBXResourcesBuildPhase;
			buildActionMask = 2147483647;
			files = (
				6C4B13DE1F57D59D008CFD5E /* LaunchScreen.storyboard in Resources */,
				6C4B13DB1F57D59D008CFD5E /* Assets.xcassets in Resources */,
				6C4B13D91F57D59D008CFD5E /* Main.storyboard in Resources */,
			);
			runOnlyForDeploymentPostprocessing = 0;
		};
/* End PBXResourcesBuildPhase section */

/* Begin PBXShellScriptBuildPhase section */
		30B420E65E39FC7CD46B8419 /* [CP] Embed Pods Frameworks */ = {
			isa = PBXShellScriptBuildPhase;
			buildActionMask = 2147483647;
			files = (
			);
			inputPaths = (
			);
			name = "[CP] Embed Pods Frameworks";
			outputPaths = (
			);
			runOnlyForDeploymentPostprocessing = 0;
			shellPath = /bin/sh;
			shellScript = "\"${SRCROOT}/Pods/Target Support Files/Pods-Smack/Pods-Smack-frameworks.sh\"\n";
			showEnvVarsInLog = 0;
		};
		4988680BD8AA244ABCA4CE26 /* [CP] Check Pods Manifest.lock */ = {
			isa = PBXShellScriptBuildPhase;
			buildActionMask = 2147483647;
			files = (
			);
			inputPaths = (
			);
			name = "[CP] Check Pods Manifest.lock";
			outputPaths = (
			);
			runOnlyForDeploymentPostprocessing = 0;
			shellPath = /bin/sh;
			shellScript = "diff \"${PODS_ROOT}/../Podfile.lock\" \"${PODS_ROOT}/Manifest.lock\" > /dev/null\nif [ $? != 0 ] ; then\n    # print error to STDERR\n    echo \"error: The sandbox is not in sync with the Podfile.lock. Run 'pod install' or update your CocoaPods installation.\" >&2\n    exit 1\nfi\n";
			showEnvVarsInLog = 0;
		};
		8999DF0CAF694CE683575D53 /* [CP] Copy Pods Resources */ = {
			isa = PBXShellScriptBuildPhase;
			buildActionMask = 2147483647;
			files = (
			);
			inputPaths = (
			);
			name = "[CP] Copy Pods Resources";
			outputPaths = (
			);
			runOnlyForDeploymentPostprocessing = 0;
			shellPath = /bin/sh;
			shellScript = "\"${SRCROOT}/Pods/Target Support Files/Pods-Smack/Pods-Smack-resources.sh\"\n";
			showEnvVarsInLog = 0;
		};
/* End PBXShellScriptBuildPhase section */

/* Begin PBXSourcesBuildPhase section */
		6C4B13CC1F57D59D008CFD5E /* Sources */ = {
			isa = PBXSourcesBuildPhase;
			buildActionMask = 2147483647;
			files = (
				6C4B13ED1F57DFA9008CFD5E /* ChatVC.swift in Sources */,
				6C4B13EF1F57DFB9008CFD5E /* ChannelVC.swift in Sources */,
				6C0E9E931F581DCB00C03871 /* CreateAccountVC.swift in Sources */,
				6C4B13F71F57FE15008CFD5E /* LoginVC.swift in Sources */,
				6C4B13F21F57E7D5008CFD5E /* GradientView.swift in Sources */,
				6C4B13D41F57D59D008CFD5E /* AppDelegate.swift in Sources */,
				6C4B13F01F57E484008CFD5E /* SWRevealViewController.m in Sources */,
				6C4B13F51F57F828008CFD5E /* Constants.swift in Sources */,
			);
			runOnlyForDeploymentPostprocessing = 0;
		};
/* End PBXSourcesBuildPhase section */

/* Begin PBXVariantGroup section */
		6C4B13D71F57D59D008CFD5E /* Main.storyboard */ = {
			isa = PBXVariantGroup;
			children = (
				6C4B13D81F57D59D008CFD5E /* Base */,
			);
			name = Main.storyboard;
			sourceTree = "<group>";
		};
		6C4B13DC1F57D59D008CFD5E /* LaunchScreen.storyboard */ = {
			isa = PBXVariantGroup;
			children = (
				6C4B13DD1F57D59D008CFD5E /* Base */,
			);
			name = LaunchScreen.storyboard;
			sourceTree = "<group>";
		};
/* End PBXVariantGroup section */

/* Begin XCBuildConfiguration section */
		6C4B13E01F57D59D008CFD5E /* Debug */ = {
			isa = XCBuildConfiguration;
			buildSettings = {
				ALWAYS_SEARCH_USER_PATHS = NO;
				CLANG_ANALYZER_NONNULL = YES;
				CLANG_ANALYZER_NUMBER_OBJECT_CONVERSION = YES_AGGRESSIVE;
				CLANG_CXX_LANGUAGE_STANDARD = "gnu++14";
				CLANG_CXX_LIBRARY = "libc++";
				CLANG_ENABLE_MODULES = YES;
				CLANG_ENABLE_OBJC_ARC = YES;
				CLANG_WARN_BLOCK_CAPTURE_AUTORELEASING = YES;
				CLANG_WARN_BOOL_CONVERSION = YES;
				CLANG_WARN_COMMA = YES;
				CLANG_WARN_CONSTANT_CONVERSION = YES;
				CLANG_WARN_DIRECT_OBJC_ISA_USAGE = YES_ERROR;
				CLANG_WARN_DOCUMENTATION_COMMENTS = YES;
				CLANG_WARN_EMPTY_BODY = YES;
				CLANG_WARN_ENUM_CONVERSION = YES;
				CLANG_WARN_INFINITE_RECURSION = YES;
				CLANG_WARN_INT_CONVERSION = YES;
				CLANG_WARN_NON_LITERAL_NULL_CONVERSION = YES;
				CLANG_WARN_OBJC_LITERAL_CONVERSION = YES;
				CLANG_WARN_OBJC_ROOT_CLASS = YES_ERROR;
				CLANG_WARN_RANGE_LOOP_ANALYSIS = YES;
				CLANG_WARN_STRICT_PROTOTYPES = YES;
				CLANG_WARN_SUSPICIOUS_MOVE = YES;
				CLANG_WARN_UNGUARDED_AVAILABILITY = YES_AGGRESSIVE;
				CLANG_WARN_UNREACHABLE_CODE = YES;
				CLANG_WARN__DUPLICATE_METHOD_MATCH = YES;
				CODE_SIGN_IDENTITY = "iPhone Developer";
				COPY_PHASE_STRIP = NO;
				DEBUG_INFORMATION_FORMAT = dwarf;
				ENABLE_STRICT_OBJC_MSGSEND = YES;
				ENABLE_TESTABILITY = YES;
				GCC_C_LANGUAGE_STANDARD = gnu11;
				GCC_DYNAMIC_NO_PIC = NO;
				GCC_NO_COMMON_BLOCKS = YES;
				GCC_OPTIMIZATION_LEVEL = 0;
				GCC_PREPROCESSOR_DEFINITIONS = (
					"DEBUG=1",
					"$(inherited)",
				);
				GCC_WARN_64_TO_32_BIT_CONVERSION = YES;
				GCC_WARN_ABOUT_RETURN_TYPE = YES_ERROR;
				GCC_WARN_UNDECLARED_SELECTOR = YES;
				GCC_WARN_UNINITIALIZED_AUTOS = YES_AGGRESSIVE;
				GCC_WARN_UNUSED_FUNCTION = YES;
				GCC_WARN_UNUSED_VARIABLE = YES;
				IPHONEOS_DEPLOYMENT_TARGET = 11.0;
				MTL_ENABLE_DEBUG_INFO = YES;
				ONLY_ACTIVE_ARCH = YES;
				SDKROOT = iphoneos;
				SWIFT_ACTIVE_COMPILATION_CONDITIONS = DEBUG;
				SWIFT_OPTIMIZATION_LEVEL = "-Onone";
			};
			name = Debug;
		};
		6C4B13E11F57D59D008CFD5E /* Release */ = {
			isa = XCBuildConfiguration;
			buildSettings = {
				ALWAYS_SEARCH_USER_PATHS = NO;
				CLANG_ANALYZER_NONNULL = YES;
				CLANG_ANALYZER_NUMBER_OBJECT_CONVERSION = YES_AGGRESSIVE;
				CLANG_CXX_LANGUAGE_STANDARD = "gnu++14";
				CLANG_CXX_LIBRARY = "libc++";
				CLANG_ENABLE_MODULES = YES;
				CLANG_ENABLE_OBJC_ARC = YES;
				CLANG_WARN_BLOCK_CAPTURE_AUTORELEASING = YES;
				CLANG_WARN_BOOL_CONVERSION = YES;
				CLANG_WARN_COMMA = YES;
				CLANG_WARN_CONSTANT_CONVERSION = YES;
				CLANG_WARN_DIRECT_OBJC_ISA_USAGE = YES_ERROR;
				CLANG_WARN_DOCUMENTATION_COMMENTS = YES;
				CLANG_WARN_EMPTY_BODY = YES;
				CLANG_WARN_ENUM_CONVERSION = YES;
				CLANG_WARN_INFINITE_RECURSION = YES;
				CLANG_WARN_INT_CONVERSION = YES;
				CLANG_WARN_NON_LITERAL_NULL_CONVERSION = YES;
				CLANG_WARN_OBJC_LITERAL_CONVERSION = YES;
				CLANG_WARN_OBJC_ROOT_CLASS = YES_ERROR;
				CLANG_WARN_RANGE_LOOP_ANALYSIS = YES;
				CLANG_WARN_STRICT_PROTOTYPES = YES;
				CLANG_WARN_SUSPICIOUS_MOVE = YES;
				CLANG_WARN_UNGUARDED_AVAILABILITY = YES_AGGRESSIVE;
				CLANG_WARN_UNREACHABLE_CODE = YES;
				CLANG_WARN__DUPLICATE_METHOD_MATCH = YES;
				CODE_SIGN_IDENTITY = "iPhone Developer";
				COPY_PHASE_STRIP = NO;
				DEBUG_INFORMATION_FORMAT = "dwarf-with-dsym";
				ENABLE_NS_ASSERTIONS = NO;
				ENABLE_STRICT_OBJC_MSGSEND = YES;
				GCC_C_LANGUAGE_STANDARD = gnu11;
				GCC_NO_COMMON_BLOCKS = YES;
				GCC_WARN_64_TO_32_BIT_CONVERSION = YES;
				GCC_WARN_ABOUT_RETURN_TYPE = YES_ERROR;
				GCC_WARN_UNDECLARED_SELECTOR = YES;
				GCC_WARN_UNINITIALIZED_AUTOS = YES_AGGRESSIVE;
				GCC_WARN_UNUSED_FUNCTION = YES;
				GCC_WARN_UNUSED_VARIABLE = YES;
				IPHONEOS_DEPLOYMENT_TARGET = 11.0;
				MTL_ENABLE_DEBUG_INFO = NO;
				SDKROOT = iphoneos;
				SWIFT_OPTIMIZATION_LEVEL = "-Owholemodule";
				VALIDATE_PRODUCT = YES;
			};
			name = Release;
		};
		6C4B13E31F57D59D008CFD5E /* Debug */ = {
			isa = XCBuildConfiguration;
			baseConfigurationReference = B524B447E76A0ADB3E6E94EF /* Pods-Smack.debug.xcconfig */;
			buildSettings = {
				ASSETCATALOG_COMPILER_APPICON_NAME = AppIcon;
				CLANG_ENABLE_MODULES = YES;
				CODE_SIGN_STYLE = Automatic;
				INFOPLIST_FILE = Smack/Info.plist;
				LD_RUNPATH_SEARCH_PATHS = "$(inherited) @executable_path/Frameworks";
				PRODUCT_BUNDLE_IDENTIFIER = com.appdelight.Smack;
				PRODUCT_NAME = "$(TARGET_NAME)";
				SWIFT_OBJC_BRIDGING_HEADER = "Smack/Supporting Files/Smack-Bridging-Header.h";
				SWIFT_OPTIMIZATION_LEVEL = "-Onone";
				SWIFT_VERSION = 4.0;
				TARGETED_DEVICE_FAMILY = "1,2";
			};
			name = Debug;
		};
		6C4B13E41F57D59D008CFD5E /* Release */ = {
			isa = XCBuildConfiguration;
			baseConfigurationReference = EA7FE9D09196F556F99C2BB5 /* Pods-Smack.release.xcconfig */;
			buildSettings = {
				ASSETCATALOG_COMPILER_APPICON_NAME = AppIcon;
				CLANG_ENABLE_MODULES = YES;
				CODE_SIGN_STYLE = Automatic;
				INFOPLIST_FILE = Smack/Info.plist;
				LD_RUNPATH_SEARCH_PATHS = "$(inherited) @executable_path/Frameworks";
				PRODUCT_BUNDLE_IDENTIFIER = com.appdelight.Smack;
				PRODUCT_NAME = "$(TARGET_NAME)";
				SWIFT_OBJC_BRIDGING_HEADER = "Smack/Supporting Files/Smack-Bridging-Header.h";
				SWIFT_VERSION = 4.0;
				TARGETED_DEVICE_FAMILY = "1,2";
			};
			name = Release;
		};
/* End XCBuildConfiguration section */

/* Begin XCConfigurationList section */
		6C4B13CB1F57D59D008CFD5E /* Build configuration list for PBXProject "Smack" */ = {
			isa = XCConfigurationList;
			buildConfigurations = (
				6C4B13E01F57D59D008CFD5E /* Debug */,
				6C4B13E11F57D59D008CFD5E /* Release */,
			);
			defaultConfigurationIsVisible = 0;
			defaultConfigurationName = Release;
		};
		6C4B13E21F57D59D008CFD5E /* Build configuration list for PBXNativeTarget "Smack" */ = {
			isa = XCConfigurationList;
			buildConfigurations = (
				6C4B13E31F57D59D008CFD5E /* Debug */,
				6C4B13E41F57D59D008CFD5E /* Release */,
			);
			defaultConfigurationIsVisible = 0;
			defaultConfigurationName = Release;
		};
/* End XCConfigurationList section */
	};
	rootObject = 6C4B13C81F57D59D008CFD5E /* Project object */;
}
